
Microsoft Visual Studio Solution File, Format Version 12.00
# Visual Studio Version 17
VisualStudioVersion = 17.4.33110.190
MinimumVisualStudioVersion = 10.0.40219.1
Project("{FAE04EC0-301F-11D3-BF4B-00C04F79EFBC}") = "PLBZWASS7UPDS", "PLBZWASS7UPDS\PLBZWASS7UPDS.csproj", "{E54C97AB-54AA-4538-9CEA-FC2F387951E7}"
EndProject
Global
	GlobalSection(SolutionConfigurationPlatforms) = preSolution
		Debug|Any CPU = Debug|Any CPU
		Release|Any CPU = Release|Any CPU
	EndGlobalSection
	GlobalSection(ProjectConfigurationPlatforms) = postSolution
		{E54C97AB-54AA-4538-9CEA-FC2F387951E7}.Debug|Any CPU.ActiveCfg = Debug|Any CPU
		{E54C97AB-54AA-4538-9CEA-FC2F387951E7}.Debug|Any CPU.Build.0 = Debug|Any CPU
		{E54C97AB-54AA-4538-9CEA-FC2F387951E7}.Release|Any CPU.ActiveCfg = Release|Any CPU
		{E54C97AB-54AA-4538-9CEA-FC2F387951E7}.Release|Any CPU.Build.0 = Release|Any CPU
	EndGlobalSection
	GlobalSection(SolutionProperties) = preSolution
		HideSolutionNode = FALSE
	EndGlobalSection
	GlobalSection(ExtensibilityGlobals) = postSolution
		SolutionGuid = {1D0055A6-5190-465A-A421-31C1021B995D}
	EndGlobalSection
EndGlobal
